
Microsoft Visual Studio Solution File, Format Version 12.00
# Visual Studio Version 16
VisualStudioVersion = 16.0.30803.129
MinimumVisualStudioVersion = 10.0.40219.1
Project("{9A19103F-16F7-4668-BE54-9A1E7A4F7556}") = "HybridApp", "HybridApp.Standalone\HybridApp.csproj", "{B8760F2C-9C1F-47C4-B804-C489BEFDAAAD}"
EndProject
Project("{9A19103F-16F7-4668-BE54-9A1E7A4F7556}") = "HybridApp.VanillaWpf", "HybridApp.Standalone.VanillaWpf\HybridApp.VanillaWpf.csproj", "{82B79073-E245-4395-A71A-FA2670ADA723}"
EndProject
Global
	GlobalSection(SolutionConfigurationPlatforms) = preSolution
		Debug|Any CPU = Debug|Any CPU
		Release|Any CPU = Release|Any CPU
	EndGlobalSection
	GlobalSection(ProjectConfigurationPlatforms) = postSolution
		{B8760F2C-9C1F-47C4-B804-C489BEFDAAAD}.Debug|Any CPU.ActiveCfg = Debug|Any CPU
		{B8760F2C-9C1F-47C4-B804-C489BEFDAAAD}.Debug|Any CPU.Build.0 = Debug|Any CPU
		{B8760F2C-9C1F-47C4-B804-C489BEFDAAAD}.Release|Any CPU.ActiveCfg = Release|Any CPU
		{B8760F2C-9C1F-47C4-B804-C489BEFDAAAD}.Release|Any CPU.Build.0 = Release|Any CPU
		{82B79073-E245-4395-A71A-FA2670ADA723}.Debug|Any CPU.ActiveCfg = Debug|Any CPU
		{82B79073-E245-4395-A71A-FA2670ADA723}.Debug|Any CPU.Build.0 = Debug|Any CPU
		{82B79073-E245-4395-A71A-FA2670ADA723}.Release|Any CPU.ActiveCfg = Release|Any CPU
		{82B79073-E245-4395-A71A-FA2670ADA723}.Release|Any CPU.Build.0 = Release|Any CPU
	EndGlobalSection
	GlobalSection(SolutionProperties) = preSolution
		HideSolutionNode = FALSE
	EndGlobalSection
	GlobalSection(ExtensibilityGlobals) = postSolution
		SolutionGuid = {645AF82D-27F6-4B74-9E81-22FD4E54C9B0}
	EndGlobalSection
EndGlobal
